
Microsoft Visual Studio Solution File, Format Version 12.00
# Visual Studio Version 17
VisualStudioVersion = 17.5.002.0
MinimumVisualStudioVersion = 10.0.40219.1
Project("{2150E333-8FDC-42A3-9474-1A3956D46DE8}") = "LeetcodePatterns", "LeetcodePatterns", "{838687FC-E44F-49DA-8C1F-F506DC4FEAD1}"
EndProject
Project("{2150E333-8FDC-42A3-9474-1A3956D46DE8}") = "C#", "C#", "{367A2985-A685-46D0-8B25-400F0D3BAB4D}"
EndProject
Project("{9A19103F-16F7-4668-BE54-9A1E7A4F7556}") = "NumArrayApp", "LeetcodePatterns\C#\NumArrayApp\NumArrayApp.csproj", "{31C0F4E1-E08A-43F8-B410-9E8E977DBC24}"
EndProject
Global
	GlobalSection(SolutionConfigurationPlatforms) = preSolution
		Debug|Any CPU = Debug|Any CPU
		Release|Any CPU = Release|Any CPU
	EndGlobalSection
	GlobalSection(ProjectConfigurationPlatforms) = postSolution
		{31C0F4E1-E08A-43F8-B410-9E8E977DBC24}.Debug|Any CPU.ActiveCfg = Debug|Any CPU
		{31C0F4E1-E08A-43F8-B410-9E8E977DBC24}.Debug|Any CPU.Build.0 = Debug|Any CPU
		{31C0F4E1-E08A-43F8-B410-9E8E977DBC24}.Release|Any CPU.ActiveCfg = Release|Any CPU
		{31C0F4E1-E08A-43F8-B410-9E8E977DBC24}.Release|Any CPU.Build.0 = Release|Any CPU
	EndGlobalSection
	GlobalSection(SolutionProperties) = preSolution
		HideSolutionNode = FALSE
	EndGlobalSection
	GlobalSection(NestedProjects) = preSolution
		{367A2985-A685-46D0-8B25-400F0D3BAB4D} = {838687FC-E44F-49DA-8C1F-F506DC4FEAD1}
		{31C0F4E1-E08A-43F8-B410-9E8E977DBC24} = {367A2985-A685-46D0-8B25-400F0D3BAB4D}
	EndGlobalSection
	GlobalSection(ExtensibilityGlobals) = postSolution
		SolutionGuid = {530312F1-D265-4848-BDD2-66FD03AEDA9F}
	EndGlobalSection
EndGlobal
